
Microsoft Visual Studio Solution File, Format Version 12.00
# Visual Studio Version 16
VisualStudioVersion = 25.0.1703.0
MinimumVisualStudioVersion = 10.0.40219.1
Project("{FAE04EC0-301F-11D3-BF4B-00C04F79EFBC}") = "Tweeter.Web", "Tweeter.Web\Tweeter.Web.csproj", "{1A2207B5-AB3E-46AB-96D7-7FABFFAA0B69}"
EndProject
Global
	GlobalSection(SolutionConfigurationPlatforms) = preSolution
		Debug|Any CPU = Debug|Any CPU
		Release|Any CPU = Release|Any CPU
	EndGlobalSection
	GlobalSection(ProjectConfigurationPlatforms) = postSolution
		{1A2207B5-AB3E-46AB-96D7-7FABFFAA0B69}.Debug|Any CPU.ActiveCfg = Debug|Any CPU
		{1A2207B5-AB3E-46AB-96D7-7FABFFAA0B69}.Debug|Any CPU.Build.0 = Debug|Any CPU
		{1A2207B5-AB3E-46AB-96D7-7FABFFAA0B69}.Release|Any CPU.ActiveCfg = Release|Any CPU
		{1A2207B5-AB3E-46AB-96D7-7FABFFAA0B69}.Release|Any CPU.Build.0 = Release|Any CPU
	EndGlobalSection
	GlobalSection(SolutionProperties) = preSolution
		HideSolutionNode = FALSE
	EndGlobalSection
	GlobalSection(ExtensibilityGlobals) = postSolution
		SolutionGuid = {57925E22-7896-412F-BA7A-6C82F1AF76CB}
	EndGlobalSection
EndGlobal
